dependencies:
- name: dot-ai
  repository: oci://ghcr.io/vfarcic/dot-ai/charts
  version: 0.180.0
- name: dot-ai-controller
  repository: oci://ghcr.io/vfarcic/dot-ai-controller/charts
  version: 0.39.0
- name: dot-ai-ui
  repository: oci://ghcr.io/vfarcic/dot-ai-ui/charts
  version: 0.6.0
digest: sha256:3f865ff109aeb1074d1264c56986aa28e29506e4f984c04d24950216aa30f2a4
generated: "2026-01-04T05:28:04.198084+01:00"
