dependencies:
- name: dot-ai
  repository: oci://ghcr.io/vfarcic/dot-ai/charts
  version: 0.193.0
- name: dot-ai-controller
  repository: oci://ghcr.io/vfarcic/dot-ai-controller/charts
  version: 0.43.0
- name: dot-ai-ui
  repository: oci://ghcr.io/vfarcic/dot-ai-ui/charts
  version: 0.10.0
digest: sha256:5c59aa61f27585c406ad247a2ced9455e01a7d7293c4a624fe88f7f983052a69
generated: "2026-01-19T20:01:57.98288+01:00"
