{
  "lockfile_version": "1",
  "packages": {
    "gh@2.83.1": {
      "last_modified": "2025-11-23T21:50:36Z",
      "resolved": "github:NixOS/nixpkgs/ee09932cedcef15aaf476f9343d1dea2cb77e261#gh",
      "source": "devbox-search",
      "version": "2.83.1",
      "systems": {
        "aarch64-darwin": {
          "outputs": [
            {
              "name": "out",
              "path": "/nix/store/jcfc6p66x7qnrwf2dn83gaar13swpfka-gh-2.83.1",
              "default": true
            }
          ],
          "store_path": "/nix/store/jcfc6p66x7qnrwf2dn83gaar13swpfka-gh-2.83.1"
        },
        "aarch64-linux": {
          "outputs": [
            {
              "name": "out",
              "path": "/nix/store/vr17vpprzabs961dj075z5wl6nw6b4w4-gh-2.83.1",
              "default": true
            }
          ],
          "store_path": "/nix/store/vr17vpprzabs961dj075z5wl6nw6b4w4-gh-2.83.1"
        },
        "x86_64-darwin": {
          "outputs": [
            {
              "name": "out",
              "path": "/nix/store/v1xrng4rrjshc9ini30l07rsc2dbi7fh-gh-2.83.1",
              "default": true
            }
          ],
          "store_path": "/nix/store/v1xrng4rrjshc9ini30l07rsc2dbi7fh-gh-2.83.1"
        },
        "x86_64-linux": {
          "outputs": [
            {
              "name": "out",
              "path": "/nix/store/y12yx7z4g4a3jbzh28h6yrpvcf6px5kl-gh-2.83.1",
              "default": true
            }
          ],
          "store_path": "/nix/store/y12yx7z4g4a3jbzh28h6yrpvcf6px5kl-gh-2.83.1"
        }
      }
    },
    "git@2.51.0": {
      "last_modified": "2025-10-22T20:59:19Z",
      "resolved": "github:NixOS/nixpkgs/01b6809f7f9d1183a2b3e081f0a1e6f8f415cb09#git",
      "source": "devbox-search",
      "version": "2.51.0",
      "systems": {
        "aarch64-darwin": {
          "outputs": [
            {
              "name": "out",
              "path": "/nix/store/1xqc4nc97vwmx6dqrk0zns79xncb5chw-git-2.51.0",
              "default": true
            },
            {
              "name": "doc",
              "path": "/nix/store/fwx23zsz09rirgfp0r5kzsh7nbg6d9ff-git-2.51.0-doc"
            }
          ],
          "store_path": "/nix/store/1xqc4nc97vwmx6dqrk0zns79xncb5chw-git-2.51.0"
        },
        "aarch64-linux": {
          "outputs": [
            {
              "name": "out",
              "path": "/nix/store/1xrbd5mmc64lx3hwm07kq27f445rs4xh-git-2.51.0",
              "default": true
            },
            {
              "name": "debug",
              "path": "/nix/store/h5r9901ms52cxfqvm4pb0d2y24ddc9vv-git-2.51.0-debug"
            },
            {
              "name": "doc",
              "path": "/nix/store/0dp21kpx7d2xh0y29y79wwggrhgnjks5-git-2.51.0-doc"
            }
          ],
          "store_path": "/nix/store/1xrbd5mmc64lx3hwm07kq27f445rs4xh-git-2.51.0"
        },
        "x86_64-darwin": {
          "outputs": [
            {
              "name": "out",
              "path": "/nix/store/wcnaxbjl7fkdfy20jgyj4pf6jarc36p8-git-2.51.0",
              "default": true
            },
            {
              "name": "doc",
              "path": "/nix/store/sl8z2ijj21c8r4dxaa0vi4bv8xyavq26-git-2.51.0-doc"
            }
          ],
          "store_path": "/nix/store/wcnaxbjl7fkdfy20jgyj4pf6jarc36p8-git-2.51.0"
        },
        "x86_64-linux": {
          "outputs": [
            {
              "name": "out",
              "path": "/nix/store/60440kg5c51rrlpinkk2rkg020q5q6kv-git-2.51.0",
              "default": true
            },
            {
              "name": "debug",
              "path": "/nix/store/n2qv18fvl3d4jn4y1828mk89zpl83840-git-2.51.0-debug"
            },
            {
              "name": "doc",
              "path": "/nix/store/b7382m8mvzm3336f6lj8wdbqwsclc0yx-git-2.51.0-doc"
            }
          ],
          "store_path": "/nix/store/60440kg5c51rrlpinkk2rkg020q5q6kv-git-2.51.0"
        }
      }
    },
    "github:NixOS/nixpkgs/nixpkgs-unstable": {
      "last_modified": "2025-12-15T04:22:15Z",
      "resolved": "github:NixOS/nixpkgs/09b8fda8959d761445f12b55f380d90375a1d6bb?lastModified=1765772535&narHash=sha256-aq%2BdQoaPONOSjtFIBnAXseDm9TUhIbe215TPmkfMYww%3D"
    },
    "jq@1.8.2": {
      "last_modified": "2026-08-27T07:16:00Z",
      "resolved": "github:NixOS/nixpkgs/c27cdad491a991b11ed731760aa2ef8db0cb0410#jq",
      "source": "devbox-search",
      "version": "1.8.2",
      "systems": {
        "aarch64-darwin": {
          "outputs": [
            {
              "name": "bin",
              "path": "/nix/store/d01nk4ck93bwlzwbnnb1qf1kv4d94a09-jq-1.8.2-bin",
              "default": true
            },
            {
              "name": "man",
              "path": "/nix/store/s1d0597z830wrhza2g5b6i9a4a0jis8a-jq-1.8.2-man",
              "default": true
            },
            {
              "name": "out",
              "path": "/nix/store/bpfcs06n720irpzril2mh6z59ddafhzx-jq-1.8.2"
            },
            {
              "name": "dev",
              "path": "/nix/store/mf170p9ynrn0g7s5i8kw655i1q4dxl6y-jq-1.8.2-dev"
            },
            {
              "name": "doc",
              "path": "/nix/store/bhalwqvdympjhs6gj584d29bga0l8q3s-jq-1.8.2-doc"
            }
          ],
          "store_path": "/nix/store/d01nk4ck93bwlzwbnnb1qf1kv4d94a09-jq-1.8.2-bin"
        },
        "aarch64-linux": {
          "outputs": [
            {
              "name": "bin",
              "path": "/nix/store/hrr6n4qkb2j2rqh7a1jda0yc9gpa8h4d-jq-1.8.2-bin",
              "default": true
            },
            {
              "name": "man",
              "path": "/nix/store/y3rq55wvfwpfy45nmz6yc2vxgcr1zns5-jq-1.8.2-man",
              "default": true
            },
            {
              "name": "dev",
              "path": "/nix/store/xi52wx9sndkrrzp5wy2d8nrw1hysm8hc-jq-1.8.2-dev"
            },
            {
              "name": "doc",
              "path": "/nix/store/frrdd4c55msxdrd3fmyadyry5dwnnysd-jq-1.8.2-doc"
            },
            {
              "name": "out",
              "path": "/nix/store/qjpdggb1lyay7wv5a0p9j9cvj9y3j2a6-jq-1.8.2"
            }
          ],
          "store_path": "/nix/store/hrr6n4qkb2j2rqh7a1jda0yc9gpa8h4d-jq-1.8.2-bin"
        },
        "x86_64-linux": {
          "outputs": [
            {
              "name": "bin",
              "path": "/nix/store/xvd6920kffyyshg7mbw5wvfk6lg9wfkl-jq-1.8.2-bin",
              "default": true
            },
            {
              "name": "man",
              "path": "/nix/store/n36fiv9a8p19bcj6cyjfgmb0l9s55qfn-jq-1.8.2-man",
              "default": true
            },
            {
              "name": "dev",
              "path": "/nix/store/qavm4f7d2wm4s9v1ck90n200y20x95fm-jq-1.8.2-dev"
            },
            {
              "name": "doc",
              "path": "/nix/store/2ga5gcahn4vr0b5fmlinxbz1w2m4qm5g-jq-1.8.2-doc"
            },
            {
              "name": "out",
              "path": "/nix/store/d91mwgs15hv4ajza7jn6axyiwa07ga7m-jq-1.8.2"
            }
          ],
          "store_path": "/nix/store/xvd6920kffyyshg7mbw5wvfk6lg9wfkl-jq-1.8.2-bin"
        }
      }
    },
    "kind@0.30.0": {
      "last_modified": "2025-11-23T21:50:36Z",
      "resolved": "github:NixOS/nixpkgs/ee09932cedcef15aaf476f9343d1dea2cb77e261#kind",
      "source": "devbox-search",
      "version": "0.30.0",
      "systems": {
        "aarch64-darwin": {
          "outputs": [
            {
              "name": "out",
              "path": "/nix/store/jblfpm03jma7rvpp8fzfj2kz7mcf1jd5-kind-0.30.0",
              "default": true
            }
          ],
          "store_path": "/nix/store/jblfpm03jma7rvpp8fzfj2kz7mcf1jd5-kind-0.30.0"
        },
        "aarch64-linux": {
          "outputs": [
            {
              "name": "out",
              "path": "/nix/store/n3m0677g45dr7fqsvmi8hbl8b3rqqhbm-kind-0.30.0",
              "default": true
            }
          ],
          "store_path": "/nix/store/n3m0677g45dr7fqsvmi8hbl8b3rqqhbm-kind-0.30.0"
        },
        "x86_64-darwin": {
          "outputs": [
            {
              "name": "out",
              "path": "/nix/store/41irix8nxj2m46lbj896ndsy2hgi40m4-kind-0.30.0",
              "default": true
            }
          ],
          "store_path": "/nix/store/41irix8nxj2m46lbj896ndsy2hgi40m4-kind-0.30.0"
        },
        "x86_64-linux": {
          "outputs": [
            {
              "name": "out",
              "path": "/nix/store/ahhxkqw37kfs0yjqn6srxfq4vyxnkbq6-kind-0.30.0",
              "default": true
            }
          ],
          "store_path": "/nix/store/ahhxkqw37kfs0yjqn6srxfq4vyxnkbq6-kind-0.30.0"
        }
      }
    },
    "kubectl@1.33.4": {
      "last_modified": "2025-09-18T16:33:27Z",
      "resolved": "github:NixOS/nixpkgs/f4b140d5b253f5e2a1ff4e5506edbf8267724bde#kubectl",
      "source": "devbox-search",
      "version": "1.33.4",
      "systems": {
        "aarch64-darwin": {
          "outputs": [
            {
              "name": "out",
              "path": "/nix/store/l9qa55xhnsif5bd8jc558pl2kraiwisx-kubectl-1.33.4",
              "default": true
            },
            {
              "name": "man",
              "path": "/nix/store/1ax04d2wdfp63df3gbjdsq523ql895yc-kubectl-1.33.4-man",
              "default": true
            },
            {
              "name": "convert",
              "path": "/nix/store/p7xb87g2vz00n97fhaaqwr9jdvcp5647-kubectl-1.33.4-convert"
            }
          ],
          "store_path": "/nix/store/l9qa55xhnsif5bd8jc558pl2kraiwisx-kubectl-1.33.4"
        },
        "aarch64-linux": {
          "outputs": [
            {
              "name": "out",
              "path": "/nix/store/a95sq4yvhbrh4njn49glnp2xmbd3k3q1-kubectl-1.33.4",
              "default": true
            },
            {
              "name": "man",
              "path": "/nix/store/5jnghhpmiympxr759s1pqbksg3gld6d8-kubectl-1.33.4-man",
              "default": true
            },
            {
              "name": "convert",
              "path": "/nix/store/5sxzhci6fxn8jv3x9xkab1jdb43ynpzr-kubectl-1.33.4-convert"
            }
          ],
          "store_path": "/nix/store/a95sq4yvhbrh4njn49glnp2xmbd3k3q1-kubectl-1.33.4"
        },
        "x86_64-darwin": {
          "outputs": [
            {
              "name": "out",
              "path": "/nix/store/417lxr3l5cy3m86iywhhrkbkx2j9y1xk-kubectl-1.33.4",
              "default": true
            },
            {
              "name": "man",
              "path": "/nix/store/q5gf3an5cmfzyl2wqw21ll01yfmjxm0j-kubectl-1.33.4-man",
              "default": true
            },
            {
              "name": "convert",
              "path": "/nix/store/2kfp817d37kbsrjh48f8l26hmf12b97z-kubectl-1.33.4-convert"
            }
          ],
          "store_path": "/nix/store/417lxr3l5cy3m86iywhhrkbkx2j9y1xk-kubectl-1.33.4"
        },
        "x86_64-linux": {
          "outputs": [
            {
              "name": "out",
              "path": "/nix/store/abp5rhv8vnij5k08m5id75vdq4nnkqqq-kubectl-1.33.4",
              "default": true
            },
            {
              "name": "man",
              "path": "/nix/store/75afy3w5985pck1f7bvwwq7gzawf9i9c-kubectl-1.33.4-man",
              "default": true
            },
            {
              "name": "convert",
              "path": "/nix/store/1yhls3wrancjn52md7552kyalbh7dd5b-kubectl-1.33.4-convert"
            }
          ],
          "store_path": "/nix/store/abp5rhv8vnij5k08m5id75vdq4nnkqqq-kubectl-1.33.4"
        }
      }
    },
    "kubernetes-helm@3.19.1": {
      "last_modified": "2026-01-23T17:20:52Z",
      "resolved": "github:NixOS/nixpkgs/a1bab9e494f5f4939442a57a58d0449a109593fe#kubernetes-helm",
      "source": "devbox-search",
      "version": "3.19.1",
      "systems": {
        "aarch64-darwin": {
          "outputs": [
            {
              "name": "out",
              "path": "/nix/store/gw5jvq4r17iqh751g7v71svxb3ncq7si-kubernetes-helm-3.19.1",
              "default": true
            }
          ],
          "store_path": "/nix/store/gw5jvq4r17iqh751g7v71svxb3ncq7si-kubernetes-helm-3.19.1"
        },
        "aarch64-linux": {
          "outputs": [
            {
              "name": "out",
              "path": "/nix/store/j1fh4wfj0b1dk87q0irz73k8gcqhr2ak-kubernetes-helm-3.19.1",
              "default": true
            }
          ],
          "store_path": "/nix/store/j1fh4wfj0b1dk87q0irz73k8gcqhr2ak-kubernetes-helm-3.19.1"
        },
        "x86_64-darwin": {
          "outputs": [
            {
              "name": "out",
              "path": "/nix/store/9g0nwl9nrf2rjs4kgz6yclr335jdq1r5-kubernetes-helm-3.19.1",
              "default": true
            }
          ],
          "store_path": "/nix/store/9g0nwl9nrf2rjs4kgz6yclr335jdq1r5-kubernetes-helm-3.19.1"
        },
        "x86_64-linux": {
          "outputs": [
            {
              "name": "out",
              "path": "/nix/store/n4np4p37d3k0nw0h4v9vvyrk8hj0qly0-kubernetes-helm-3.19.1",
              "default": true
            }
          ],
          "store_path": "/nix/store/n4np4p37d3k0nw0h4v9vvyrk8hj0qly0-kubernetes-helm-3.19.1"
        }
      }
    },
    "nushell@0.106.1": {
      "last_modified": "2025-10-07T08:41:47Z",
      "resolved": "github:NixOS/nixpkgs/bce5fe2bb998488d8e7e7856315f90496723793c#nushell",
      "source": "devbox-search",
      "version": "0.106.1",
      "systems": {
        "aarch64-darwin": {
          "outputs": [
            {
              "name": "out",
              "path": "/nix/store/yhl8y3kzsdn7dqycnzv30jsid5y7s509-nushell-0.106.1",
              "default": true
            }
          ],
          "store_path": "/nix/store/yhl8y3kzsdn7dqycnzv30jsid5y7s509-nushell-0.106.1"
        },
        "aarch64-linux": {
          "outputs": [
            {
              "name": "out",
              "path": "/nix/store/y16lv6qrpmmd11f1a86r2vlh5bw037as-nushell-0.106.1",
              "default": true
            }
          ],
          "store_path": "/nix/store/y16lv6qrpmmd11f1a86r2vlh5bw037as-nushell-0.106.1"
        },
        "x86_64-darwin": {
          "outputs": [
            {
              "name": "out",
              "path": "/nix/store/78cg8zr8b69wibrfx5lg03kpsrq79zcx-nushell-0.106.1",
              "default": true
            }
          ],
          "store_path": "/nix/store/78cg8zr8b69wibrfx5lg03kpsrq79zcx-nushell-0.106.1"
        },
        "x86_64-linux": {
          "outputs": [
            {
              "name": "out",
              "path": "/nix/store/l681axlrvlh163y90jwyli5sfn556slb-nushell-0.106.1",
              "default": true
            }
          ],
          "store_path": "/nix/store/l681axlrvlh163y90jwyli5sfn556slb-nushell-0.106.1"
        }
      }
    },
    "vals@0.42.5": {
      "last_modified": "2025-11-23T21:50:36Z",
      "resolved": "github:NixOS/nixpkgs/ee09932cedcef15aaf476f9343d1dea2cb77e261#vals",
      "source": "devbox-search",
      "version": "0.42.5",
      "systems": {
        "aarch64-darwin": {
          "outputs": [
            {
              "name": "out",
              "path": "/nix/store/sdd83kbyqp9n3ifbimgbr7b05b8wgs31-vals-0.42.5",
              "default": true
            }
          ],
          "store_path": "/nix/store/sdd83kbyqp9n3ifbimgbr7b05b8wgs31-vals-0.42.5"
        },
        "aarch64-linux": {
          "outputs": [
            {
              "name": "out",
              "path": "/nix/store/6f5x6xagifd4d80ahj015fg37lap1p5l-vals-0.42.5",
              "default": true
            }
          ],
          "store_path": "/nix/store/6f5x6xagifd4d80ahj015fg37lap1p5l-vals-0.42.5"
        },
        "x86_64-darwin": {
          "outputs": [
            {
              "name": "out",
              "path": "/nix/store/zvmgfffsfil4shdk0868hahj0wk91k9l-vals-0.42.5",
              "default": true
            }
          ],
          "store_path": "/nix/store/zvmgfffsfil4shdk0868hahj0wk91k9l-vals-0.42.5"
        },
        "x86_64-linux": {
          "outputs": [
            {
              "name": "out",
              "path": "/nix/store/00ny4pvkj8crkblqbqa8hcffcnwxp182-vals-0.42.5",
              "default": true
            }
          ],
          "store_path": "/nix/store/00ny4pvkj8crkblqbqa8hcffcnwxp182-vals-0.42.5"
        }
      }
    },
    "yq-go@4.50.1": {
      "last_modified": "2025-12-15T04:22:15Z",
      "resolved": "github:NixOS/nixpkgs/09b8fda8959d761445f12b55f380d90375a1d6bb#yq-go",
      "source": "devbox-search",
      "version": "4.50.1",
      "systems": {
        "aarch64-darwin": {
          "outputs": [
            {
              "name": "out",
              "path": "/nix/store/3y3aq58bp35iwxlbkz3d91sph50wlmls-yq-go-4.50.1",
              "default": true
            }
          ],
          "store_path": "/nix/store/3y3aq58bp35iwxlbkz3d91sph50wlmls-yq-go-4.50.1"
        },
        "aarch64-linux": {
          "outputs": [
            {
              "name": "out",
              "path": "/nix/store/1yfc76bww15qsvsqmry8k9glkql2r0z0-yq-go-4.50.1",
              "default": true
            }
          ],
          "store_path": "/nix/store/1yfc76bww15qsvsqmry8k9glkql2r0z0-yq-go-4.50.1"
        },
        "x86_64-darwin": {
          "outputs": [
            {
              "name": "out",
              "path": "/nix/store/rmyvyk5shq34zpsc8g31d0q71k75izbr-yq-go-4.50.1",
              "default": true
            }
          ],
          "store_path": "/nix/store/rmyvyk5shq34zpsc8g31d0q71k75izbr-yq-go-4.50.1"
        },
        "x86_64-linux": {
          "outputs": [
            {
              "name": "out",
              "path": "/nix/store/q19pyndq69l2ca6vcazj0bjhzfpd1kyj-yq-go-4.50.1",
              "default": true
            }
          ],
          "store_path": "/nix/store/q19pyndq69l2ca6vcazj0bjhzfpd1kyj-yq-go-4.50.1"
        }
      }
    }
  }
}
